[root]
name = "askama_testing"
version = "0.1.0"
dependencies = [
 "askama 0.1.1",
 "askama_derive 0.1.0",
]

[[package]]
name = "askama"
version = "0.1.1"
dependencies = [
 "nom 2.1.0 (registry+https://github.com/rust-lang/crates.io-index)",
 "syn 0.11.4 (registry+https://github.com/rust-lang/crates.io-index)",
]

[[package]]
name = "askama"
version = "0.1.1"
source = "registry+https://github.com/rust-lang/crates.io-index"
dependencies = [
 "nom 2.1.0 (registry+https://github.com/rust-lang/crates.io-index)",
 "syn 0.11.4 (registry+https://github.com/rust-lang/crates.io-index)",
]

[[package]]
name = "askama_derive"
version = "0.1.0"
dependencies = [
 "askama 0.1.1 (registry+https://github.com/rust-lang/crates.io-index)",
 "syn 0.11.4 (registry+https://github.com/rust-lang/crates.io-index)",
]

[[package]]
name = "nom"
version = "2.1.0"
source = "registry+https://github.com/rust-lang/crates.io-index"

[[package]]
name = "quote"
version = "0.3.12"
source = "registry+https://github.com/rust-lang/crates.io-index"

[[package]]
name = "syn"
version = "0.11.4"
source = "registry+https://github.com/rust-lang/crates.io-index"
dependencies = [
 "quote 0.3.12 (registry+https://github.com/rust-lang/crates.io-index)",
 "unicode-xid 0.0.4 (registry+https://github.com/rust-lang/crates.io-index)",
]

[[package]]
name = "unicode-xid"
version = "0.0.4"
source = "registry+https://github.com/rust-lang/crates.io-index"

[metadata]
"checksum askama 0.1.1 (registry+https://github.com/rust-lang/crates.io-index)" = "e2dbd3156b9c5599cd2f92f5855412d420077e4a22724e7fb53a7e1b96c3d90d"
"checksum nom 2.1.0 (registry+https://github.com/rust-lang/crates.io-index)" = "e5d4598834859fedb9a0a69d5b862a970e77982a92f544d547257a4d49469067"
"checksum quote 0.3.12 (registry+https://github.com/rust-lang/crates.io-index)" = "e7b44fd83db28b83c1c58187159934906e5e955c812e211df413b76b03c909a5"
"checksum syn 0.11.4 (registry+https://github.com/rust-lang/crates.io-index)" = "f4f94368aae82bb29656c98443a7026ca931a659e8d19dcdc41d6e273054e820"
"checksum unicode-xid 0.0.4 (registry+https://github.com/rust-lang/crates.io-index)" = "8c1f860d7d29cf02cb2f3f359fd35991af3d30bac52c57d265a3c461074cb4dc"
