[root]
name = "askama_testing"
version = "0.1.0"
dependencies = [
 "askama 0.2.1",
]

[[package]]
name = "askama"
version = "0.2.1"
dependencies = [
 "askama_derive 0.2.1",
]

[[package]]
name = "askama_derive"
version = "0.2.1"
dependencies = [
 "nom 2.1.0 (registry+https://github.com/rust-lang/crates.io-index)",
 "quote 0.3.14 (registry+https://github.com/rust-lang/crates.io-index)",
 "syn 0.11.8 (registry+https://github.com/rust-lang/crates.io-index)",
]

[[package]]
name = "nom"
version = "2.1.0"
source = "registry+https://github.com/rust-lang/crates.io-index"

[[package]]
name = "quote"
version = "0.3.14"
source = "registry+https://github.com/rust-lang/crates.io-index"

[[package]]
name = "syn"
version = "0.11.8"
source = "registry+https://github.com/rust-lang/crates.io-index"
dependencies = [
 "quote 0.3.14 (registry+https://github.com/rust-lang/crates.io-index)",
 "synom 0.11.3 (registry+https://github.com/rust-lang/crates.io-index)",
 "unicode-xid 0.0.4 (registry+https://github.com/rust-lang/crates.io-index)",
]

[[package]]
name = "synom"
version = "0.11.3"
source = "registry+https://github.com/rust-lang/crates.io-index"
dependencies = [
 "unicode-xid 0.0.4 (registry+https://github.com/rust-lang/crates.io-index)",
]

[[package]]
name = "unicode-xid"
version = "0.0.4"
source = "registry+https://github.com/rust-lang/crates.io-index"

[metadata]
"checksum nom 2.1.0 (registry+https://github.com/rust-lang/crates.io-index)" = "e5d4598834859fedb9a0a69d5b862a970e77982a92f544d547257a4d49469067"
"checksum quote 0.3.14 (registry+https://github.com/rust-lang/crates.io-index)" = "7375cf7ad34a92e8fd18dd9c42f58b9a11def59ab48bec955bf359a788335592"
"checksum syn 0.11.8 (registry+https://github.com/rust-lang/crates.io-index)" = "37c279fb816210c9bb28b2c292664581e7b87b4561e86b94df462664d8620bb8"
"checksum synom 0.11.3 (registry+https://github.com/rust-lang/crates.io-index)" = "a393066ed9010ebaed60b9eafa373d4b1baac186dd7e008555b0f702b51945b6"
"checksum unicode-xid 0.0.4 (registry+https://github.com/rust-lang/crates.io-index)" = "8c1f860d7d29cf02cb2f3f359fd35991af3d30bac52c57d265a3c461074cb4dc"
